// !$*UTF8*$!
{
	archiveVersion = 1;
	classes = {
	};
	objectVersion = 46;
	objects = {

/* Begin PBXBuildFile section */
		8DA550B51B34273300B43F65 /* main.m in Sources */ = {isa = PBXBuildFile; fileRef = 8DA550B41B34273300B43F65 /* main.m */; };
		8DA550B81B34273300B43F65 /* AppDelegate.m in Sources */ = {isa = PBXBuildFile; fileRef = 8DA550B71B34273300B43F65 /* AppDelegate.m */; };
		8DA550BB1B34273300B43F65 /* ViewController.m in Sources */ = {isa = PBXBuildFile; fileRef = 8DA550BA1B34273300B43F65 /* ViewController.m */; };
		8DA550BE1B34273300B43F65 /* Main.storyboard in Resources */ = {isa = PBXBuildFile; fileRef = 8DA550BC1B34273300B43F65 /* Main.storyboard */; };
		8DA550C01B34273300B43F65 /* Images.xcassets in Resources */ = {isa = PBXBuildFile; fileRef = 8DA550BF1B34273300B43F65 /* Images.xcassets */; };
		8DA550C31B34273300B43F65 /* LaunchScreen.xib in Resources */ = {isa = PBXBuildFile; fileRef = 8DA550C11B34273300B43F65 /* LaunchScreen.xib */; };
		8DA550CF1B34273400B43F65 /* OptionFunViewDemoTests.m in Sources */ = {isa = PBXBuildFile; fileRef = 8DA550CE1B34273400B43F65 /* OptionFunViewDemoTests.m */; };
		8DA550DE1B34274100B43F65 /* OptionFunButtonView.m in Sources */ = {isa = PBXBuildFile; fileRef = 8DA550DA1B34274100B43F65 /* OptionFunButtonView.m */; };
		8DA550DF1B34274100B43F65 /* OptionFunView.m in Sources */ = {isa = PBXBuildFile; fileRef = 8DA550DC1B34274100B43F65 /* OptionFunView.m */; };
		8DA550E01B34274100B43F65 /* OptionFunView_icon@2x.png in Resources */ = {isa = PBXBuildFile; fileRef = 8DA550DD1B34274100B43F65 /* OptionFunView_icon@2x.png */; };
/* End PBXBuildFile section */

/* Begin PBXContainerItemProxy section */
		8DA550C91B34273300B43F65 /* PBXContainerItemProxy */ = {
			isa = PBXContainerItemProxy;
			containerPortal = 8DA550A71B34273300B43F65 /* Project object */;
			proxyType = 1;
			remoteGlobalIDString = 8DA550AE1B34273300B43F65;
			remoteInfo = OptionFunViewDemo;
		};
/* End PBXContainerItemProxy section */

/* Begin PBXFileReference section */
		8DA550AF1B34273300B43F65 /* OptionFunViewDemo.app */ = {isa = PBXFileReference; explicitFileType = wrapper.application; includeInIndex = 0; path = OptionFunViewDemo.app; sourceTree = BUILT_PRODUCTS_DIR; };
		8DA550B31B34273300B43F65 /* Info.plist */ = {isa = PBXFileReference; lastKnownFileType = text.plist.xml; path = Info.plist; sourceTree = "<group>"; };
		8DA550B41B34273300B43F65 /* main.m */ = {isa = PBXFileReference; lastKnownFileType = sourcecode.c.objc; path = main.m; sourceTree = "<group>"; };
		8DA550B61B34273300B43F65 /* AppDelegate.h */ = {isa = PBXFileReference; lastKnownFileType = sourcecode.c.h; path = AppDelegate.h; sourceTree = "<group>"; };
		8DA550B71B34273300B43F65 /* AppDelegate.m */ = {isa = PBXFileReference; lastKnownFileType = sourcecode.c.objc; path = AppDelegate.m; sourceTree = "<group>"; };
		8DA550B91B34273300B43F65 /* ViewController.h */ = {isa = PBXFileReference; lastKnownFileType = sourcecode.c.h; path = ViewController.h; sourceTree = "<group>"; };
		8DA550BA1B34273300B43F65 /* ViewController.m */ = {isa = PBXFileReference; lastKnownFileType = sourcecode.c.objc; path = ViewController.m; sourceTree = "<group>"; };
		8DA550BD1B34273300B43F65 /* Base */ = {isa = PBXFileReference; lastKnownFileType = file.storyboard; name = Base; path = Base.lproj/Main.storyboard; sourceTree = "<group>"; };
		8DA550BF1B34273300B43F65 /* Images.xcassets */ = {isa = PBXFileReference; lastKnownFileType = folder.assetcatalog; path = Images.xcassets; sourceTree = "<group>"; };
		8DA550C21B34273300B43F65 /* Base */ = {isa = PBXFileReference; lastKnownFileType = file.xib; name = Base; path = Base.lproj/LaunchScreen.xib; sourceTree = "<group>"; };
		8DA550C81B34273300B43F65 /* OptionFunViewDemoTests.xctest */ = {isa = PBXFileReference; explicitFileType = wrapper.cfbundle; includeInIndex = 0; path = OptionFunViewDemoTests.xctest; sourceTree = BUILT_PRODUCTS_DIR; };
		8DA550CD1B34273400B43F65 /* Info.plist */ = {isa = PBXFileReference; lastKnownFileType = text.plist.xml; path = Info.plist; sourceTree = "<group>"; };
		8DA550CE1B34273400B43F65 /* OptionFunViewDemoTests.m */ = {isa = PBXFileReference; lastKnownFileType = sourcecode.c.objc; path = OptionFunViewDemoTests.m; sourceTree = "<group>"; };
		8DA550D91B34274100B43F65 /* OptionFunButtonView.h */ = {isa = PBXFileReference; fileEncoding = 4; lastKnownFileType = sourcecode.c.h; path = OptionFunButtonView.h; sourceTree = "<group>"; };
		8DA550DA1B34274100B43F65 /* OptionFunButtonView.m */ = {isa = PBXFileReference; fileEncoding = 4; lastKnownFileType = sourcecode.c.objc; path = OptionFunButtonView.m; sourceTree = "<group>"; };
		8DA550DB1B34274100B43F65 /* OptionFunView.h */ = {isa = PBXFileReference; fileEncoding = 4; lastKnownFileType = sourcecode.c.h; path = OptionFunView.h; sourceTree = "<group>"; };
		8DA550DC1B34274100B43F65 /* OptionFunView.m */ = {isa = PBXFileReference; fileEncoding = 4; lastKnownFileType = sourcecode.c.objc; path = OptionFunView.m; sourceTree = "<group>"; };
		8DA550DD1B34274100B43F65 /* OptionFunView_icon@2x.png */ = {isa = PBXFileReference; lastKnownFileType = image.png; path = "OptionFunView_icon@2x.png"; sourceTree = "<group>"; };
/* End PBXFileReference section */

/* Begin PBXFrameworksBuildPhase section */
		8DA550AC1B34273300B43F65 /* Frameworks */ = {
			isa = PBXFrameworksBuildPhase;
			buildActionMask = 2147483647;
			files = (
			);
			runOnlyForDeploymentPostprocessing = 0;
		};
		8DA550C51B34273300B43F65 /* Frameworks */ = {
			isa = PBXFrameworksBuildPhase;
			buildActionMask = 2147483647;
			files = (
			);
			runOnlyForDeploymentPostprocessing = 0;
		};
/* End PBXFrameworksBuildPhase section */

/* Begin PBXGroup section */
		8DA550A61B34273300B43F65 = {
			isa = PBXGroup;
			children = (
				8DA550B11B34273300B43F65 /* OptionFunViewDemo */,
				8DA550CB1B34273400B43F65 /* OptionFunViewDemoTests */,
				8DA550B01B34273300B43F65 /* Products */,
			);
			sourceTree = "<group>";
		};
		8DA550B01B34273300B43F65 /* Products */ = {
			isa = PBXGroup;
			children = (
				8DA550AF1B34273300B43F65 /* OptionFunViewDemo.app */,
				8DA550C81B34273300B43F65 /* OptionFunViewDemoTests.xctest */,
			);
			name = Products;
			sourceTree = "<group>";
		};
		8DA550B11B34273300B43F65 /* OptionFunViewDemo */ = {
			isa = PBXGroup;
			children = (
				8DA550D81B34274100B43F65 /* OptionFunView */,
				8DA550B61B34273300B43F65 /* AppDelegate.h */,
				8DA550B71B34273300B43F65 /* AppDelegate.m */,
				8DA550B91B34273300B43F65 /* ViewController.h */,
				8DA550BA1B34273300B43F65 /* ViewController.m */,
				8DA550BC1B34273300B43F65 /* Main.storyboard */,
				8DA550BF1B34273300B43F65 /* Images.xcassets */,
				8DA550C11B34273300B43F65 /* LaunchScreen.xib */,
				8DA550B21B34273300B43F65 /* Supporting Files */,
			);
			path = OptionFunViewDemo;
			sourceTree = "<group>";
		};
		8DA550B21B34273300B43F65 /* Supporting Files */ = {
			isa = PBXGroup;
			children = (
				8DA550B31B34273300B43F65 /* Info.plist */,
				8DA550B41B34273300B43F65 /* main.m */,
			);
			name = "Supporting Files";
			sourceTree = "<group>";
		};
		8DA550CB1B34273400B43F65 /* OptionFunViewDemoTests */ = {
			isa = PBXGroup;
			children = (
				8DA550CE1B34273400B43F65 /* OptionFunViewDemoTests.m */,
				8DA550CC1B34273400B43F65 /* Supporting Files */,
			);
			path = OptionFunViewDemoTests;
			sourceTree = "<group>";
		};
		8DA550CC1B34273400B43F65 /* Supporting Files */ = {
			isa = PBXGroup;
			children = (
				8DA550CD1B34273400B43F65 /* Info.plist */,
			);
			name = "Supporting Files";
			sourceTree = "<group>";
		};
		8DA550D81B34274100B43F65 /* OptionFunView */ = {
			isa = PBXGroup;
			children = (
				8DA550D91B34274100B43F65 /* OptionFunButtonView.h */,
				8DA550DA1B34274100B43F65 /* OptionFunButtonView.m */,
				8DA550DB1B34274100B43F65 /* OptionFunView.h */,
				8DA550DC1B34274100B43F65 /* OptionFunView.m */,
				8DA550DD1B34274100B43F65 /* OptionFunView_icon@2x.png */,
			);
			path = OptionFunView;
			sourceTree = "<group>";
		};
/* End PBXGroup section */

/* Begin PBXNativeTarget section */
		8DA550AE1B34273300B43F65 /* OptionFunViewDemo */ = {
			isa = PBXNativeTarget;
			buildConfigurationList = 8DA550D21B34273400B43F65 /* Build configuration list for PBXNativeTarget "OptionFunViewDemo" */;
			buildPhases = (
				8DA550AB1B34273300B43F65 /* Sources */,
				8DA550AC1B34273300B43F65 /* Frameworks */,
				8DA550AD1B34273300B43F65 /* Resources */,
			);
			buildRules = (
			);
			dependencies = (
			);
			name = OptionFunViewDemo;
			productName = OptionFunViewDemo;
			productReference = 8DA550AF1B34273300B43F65 /* OptionFunViewDemo.app */;
			productType = "com.apple.product-type.application";
		};
		8DA550C71B34273300B43F65 /* OptionFunViewDemoTests */ = {
			isa = PBXNativeTarget;
			buildConfigurationList = 8DA550D51B34273400B43F65 /* Build configuration list for PBXNativeTarget "OptionFunViewDemoTests" */;
			buildPhases = (
				8DA550C41B34273300B43F65 /* Sources */,
				8DA550C51B34273300B43F65 /* Frameworks */,
				8DA550C61B34273300B43F65 /* Resources */,
			);
			buildRules = (
			);
			dependencies = (
				8DA550CA1B34273300B43F65 /* PBXTargetDependency */,
			);
			name = OptionFunViewDemoTests;
			productName = OptionFunViewDemoTests;
			productReference = 8DA550C81B34273300B43F65 /* OptionFunViewDemoTests.xctest */;
			productType = "com.apple.product-type.bundle.unit-test";
		};
/* End PBXNativeTarget section */

/* Begin PBXProject section */
		8DA550A71B34273300B43F65 /* Project object */ = {
			isa = PBXProject;
			attributes = {
				LastUpgradeCheck = 0630;
				ORGANIZATIONNAME = idap;
				TargetAttributes = {
					8DA550AE1B34273300B43F65 = {
						CreatedOnToolsVersion = 6.3.2;
					};
					8DA550C71B34273300B43F65 = {
						CreatedOnToolsVersion = 6.3.2;
						TestTargetID = 8DA550AE1B34273300B43F65;
					};
				};
			};
			buildConfigurationList = 8DA550AA1B34273300B43F65 /* Build configuration list for PBXProject "OptionFunViewDemo" */;
			compatibilityVersion = "Xcode 3.2";
			developmentRegion = English;
			hasScannedForEncodings = 0;
			knownRegions = (
				en,
				Base,
			);
			mainGroup = 8DA550A61B34273300B43F65;
			productRefGroup = 8DA550B01B34273300B43F65 /* Products */;
			projectDirPath = "";
			projectRoot = "";
			targets = (
				8DA550AE1B34273300B43F65 /* OptionFunViewDemo */,
				8DA550C71B34273300B43F65 /* OptionFunViewDemoTests */,
			);
		};
/* End PBXProject section */

/* Begin PBXResourcesBuildPhase section */
		8DA550AD1B34273300B43F65 /* Resources */ = {
			isa = PBXResourcesBuildPhase;
			buildActionMask = 2147483647;
			files = (
				8DA550BE1B34273300B43F65 /* Main.storyboard in Resources */,
				8DA550C31B34273300B43F65 /* LaunchScreen.xib in Resources */,
				8DA550C01B34273300B43F65 /* Images.xcassets in Resources */,
				8DA550E01B34274100B43F65 /* OptionFunView_icon@2x.png in Resources */,
			);
			runOnlyForDeploymentPostprocessing = 0;
		};
		8DA550C61B34273300B43F65 /* Resources */ = {
			isa = PBXResourcesBuildPhase;
			buildActionMask = 2147483647;
			files = (
			);
			runOnlyForDeploymentPostprocessing = 0;
		};
/* End PBXResourcesBuildPhase section */

/* Begin PBXSourcesBuildPhase section */
		8DA550AB1B34273300B43F65 /* Sources */ = {
			isa = PBXSourcesBuildPhase;
			buildActionMask = 2147483647;
			files = (
				8DA550DF1B34274100B43F65 /* OptionFunView.m in Sources */,
				8DA550BB1B34273300B43F65 /* ViewController.m in Sources */,
				8DA550DE1B34274100B43F65 /* OptionFunButtonView.m in Sources */,
				8DA550B81B34273300B43F65 /* AppDelegate.m in Sources */,
				8DA550B51B34273300B43F65 /* main.m in Sources */,
			);
			runOnlyForDeploymentPostprocessing = 0;
		};
		8DA550C41B34273300B43F65 /* Sources */ = {
			isa = PBXSourcesBuildPhase;
			buildActionMask = 2147483647;
			files = (
				8DA550CF1B34273400B43F65 /* OptionFunViewDemoTests.m in Sources */,
			);
			runOnlyForDeploymentPostprocessing = 0;
		};
/* End PBXSourcesBuildPhase section */

/* Begin PBXTargetDependency section */
		8DA550CA1B34273300B43F65 /* PBXTargetDependency */ = {
			isa = PBXTargetDependency;
			target = 8DA550AE1B34273300B43F65 /* OptionFunViewDemo */;
			targetProxy = 8DA550C91B34273300B43F65 /* PBXContainerItemProxy */;
		};
/* End PBXTargetDependency section */

/* Begin PBXVariantGroup section */
		8DA550BC1B34273300B43F65 /* Main.storyboard */ = {
			isa = PBXVariantGroup;
			children = (
				8DA550BD1B34273300B43F65 /* Base */,
			);
			name = Main.storyboard;
			sourceTree = "<group>";
		};
		8DA550C11B34273300B43F65 /* LaunchScreen.xib */ = {
			isa = PBXVariantGroup;
			children = (
				8DA550C21B34273300B43F65 /* Base */,
			);
			name = LaunchScreen.xib;
			sourceTree = "<group>";
		};
/* End PBXVariantGroup section */

/* Begin XCBuildConfiguration section */
		8DA550D01B34273400B43F65 /* Debug */ = {
			isa = XCBuildConfiguration;
			buildSettings = {
				ALWAYS_SEARCH_USER_PATHS = NO;
				CLANG_CXX_LANGUAGE_STANDARD = "gnu++0x";
				CLANG_CXX_LIBRARY = "libc++";
				CLANG_ENABLE_MODULES = YES;
				CLANG_ENABLE_OBJC_ARC = YES;
				CLANG_WARN_BOOL_CONVERSION = YES;
				CLANG_WARN_CONSTANT_CONVERSION = YES;
				CLANG_WARN_DIRECT_OBJC_ISA_USAGE = YES_ERROR;
				CLANG_WARN_EMPTY_BODY = YES;
				CLANG_WARN_ENUM_CONVERSION = YES;
				CLANG_WARN_INT_CONVERSION = YES;
				CLANG_WARN_OBJC_ROOT_CLASS = YES_ERROR;
				CLANG_WARN_UNREACHABLE_CODE = YES;
				CLANG_WARN__DUPLICATE_METHOD_MATCH = YES;
				"CODE_SIGN_IDENTITY[sdk=iphoneos*]" = "iPhone Developer";
				COPY_PHASE_STRIP = NO;
				DEBUG_INFORMATION_FORMAT = "dwarf-with-dsym";
				ENABLE_STRICT_OBJC_MSGSEND = YES;
				GCC_C_LANGUAGE_STANDARD = gnu99;
				GCC_DYNAMIC_NO_PIC = NO;
				GCC_NO_COMMON_BLOCKS = YES;
				GCC_OPTIMIZATION_LEVEL = 0;
				GCC_PREPROCESSOR_DEFINITIONS = (
					"DEBUG=1",
					"$(inherited)",
				);
				GCC_SYMBOLS_PRIVATE_EXTERN = NO;
				GCC_WARN_64_TO_32_BIT_CONVERSION = YES;
				GCC_WARN_ABOUT_RETURN_TYPE = YES_ERROR;
				GCC_WARN_UNDECLARED_SELECTOR = YES;
				GCC_WARN_UNINITIALIZED_AUTOS = YES_AGGRESSIVE;
				GCC_WARN_UNUSED_FUNCTION = YES;
				GCC_WARN_UNUSED_VARIABLE = YES;
				IPHONEOS_DEPLOYMENT_TARGET = 8.3;
				MTL_ENABLE_DEBUG_INFO = YES;
				ONLY_ACTIVE_ARCH = YES;
				SDKROOT = iphoneos;
			};
			name = Debug;
		};
		8DA550D11B34273400B43F65 /* Release */ = {
			isa = XCBuildConfiguration;
			buildSettings = {
				ALWAYS_SEARCH_USER_PATHS = NO;
				CLANG_CXX_LANGUAGE_STANDARD = "gnu++0x";
				CLANG_CXX_LIBRARY = "libc++";
				CLANG_ENABLE_MODULES = YES;
				CLANG_ENABLE_OBJC_ARC = YES;
				CLANG_WARN_BOOL_CONVERSION = YES;
				CLANG_WARN_CONSTANT_CONVERSION = YES;
				CLANG_WARN_DIRECT_OBJC_ISA_USAGE = YES_ERROR;
				CLANG_WARN_EMPTY_BODY = YES;
				CLANG_WARN_ENUM_CONVERSION = YES;
				CLANG_WARN_INT_CONVERSION = YES;
				CLANG_WARN_OBJC_ROOT_CLASS = YES_ERROR;
				CLANG_WARN_UNREACHABLE_CODE = YES;
				CLANG_WARN__DUPLICATE_METHOD_MATCH = YES;
				"CODE_SIGN_IDENTITY[sdk=iphoneos*]" = "iPhone Developer";
				COPY_PHASE_STRIP = NO;
				DEBUG_INFORMATION_FORMAT = "dwarf-with-dsym";
				ENABLE_NS_ASSERTIONS = NO;
				ENABLE_STRICT_OBJC_MSGSEND = YES;
				GCC_C_LANGUAGE_STANDARD = gnu99;
				GCC_NO_COMMON_BLOCKS = YES;
				GCC_WARN_64_TO_32_BIT_CONVERSION = YES;
				GCC_WARN_ABOUT_RETURN_TYPE = YES_ERROR;
				GCC_WARN_UNDECLARED_SELECTOR = YES;
				GCC_WARN_UNINITIALIZED_AUTOS = YES_AGGRESSIVE;
				GCC_WARN_UNUSED_FUNCTION = YES;
				GCC_WARN_UNUSED_VARIABLE = YES;
				IPHONEOS_DEPLOYMENT_TARGET = 8.3;
				MTL_ENABLE_DEBUG_INFO = NO;
				SDKROOT = iphoneos;
				VALIDATE_PRODUCT = YES;
			};
			name = Release;
		};
		8DA550D31B34273400B43F65 /* Debug */ = {
			isa = XCBuildConfiguration;
			buildSettings = {
				ASSETCATALOG_COMPILER_APPICON_NAME = AppIcon;
				INFOPLIST_FILE = OptionFunViewDemo/Info.plist;
				LD_RUNPATH_SEARCH_PATHS = "$(inherited) @executable_path/Frameworks";
				PRODUCT_NAME = "$(TARGET_NAME)";
			};
			name = Debug;
		};
		8DA550D41B34273400B43F65 /* Release */ = {
			isa = XCBuildConfiguration;
			buildSettings = {
				ASSETCATALOG_COMPILER_APPICON_NAME = AppIcon;
				INFOPLIST_FILE = OptionFunViewDemo/Info.plist;
				LD_RUNPATH_SEARCH_PATHS = "$(inherited) @executable_path/Frameworks";
				PRODUCT_NAME = "$(TARGET_NAME)";
			};
			name = Release;
		};
		8DA550D61B34273400B43F65 /* Debug */ = {
			isa = XCBuildConfiguration;
			buildSettings = {
				BUNDLE_LOADER = "$(TEST_HOST)";
				FRAMEWORK_SEARCH_PATHS = (
					"$(SDKROOT)/Developer/Library/Frameworks",
					"$(inherited)",
				);
				GCC_PREPROCESSOR_DEFINITIONS = (
					"DEBUG=1",
					"$(inherited)",
				);
				INFOPLIST_FILE = OptionFunViewDemoTests/Info.plist;
				LD_RUNPATH_SEARCH_PATHS = "$(inherited) @executable_path/Frameworks @loader_path/Frameworks";
				PRODUCT_NAME = "$(TARGET_NAME)";
				TEST_HOST = "$(BUILT_PRODUCTS_DIR)/OptionFunViewDemo.app/OptionFunViewDemo";
			};
			name = Debug;
		};
		8DA550D71B34273400B43F65 /* Release */ = {
			isa = XCBuildConfiguration;
			buildSettings = {
				BUNDLE_LOADER = "$(TEST_HOST)";
				FRAMEWORK_SEARCH_PATHS = (
					"$(SDKROOT)/Developer/Library/Frameworks",
					"$(inherited)",
				);
				INFOPLIST_FILE = OptionFunViewDemoTests/Info.plist;
				LD_RUNPATH_SEARCH_PATHS = "$(inherited) @executable_path/Frameworks @loader_path/Frameworks";
				PRODUCT_NAME = "$(TARGET_NAME)";
				TEST_HOST = "$(BUILT_PRODUCTS_DIR)/OptionFunViewDemo.app/OptionFunViewDemo";
			};
			name = Release;
		};
/* End XCBuildConfiguration section */

/* Begin XCConfigurationList section */
		8DA550AA1B34273300B43F65 /* Build configuration list for PBXProject "OptionFunViewDemo" */ = {
			isa = XCConfigurationList;
			buildConfigurations = (
				8DA550D01B34273400B43F65 /* Debug */,
				8DA550D11B34273400B43F65 /* Release */,
			);
			defaultConfigurationIsVisible = 0;
			defaultConfigurationName = Release;
		};
		8DA550D21B34273400B43F65 /* Build configuration list for PBXNativeTarget "OptionFunViewDemo" */ = {
			isa = XCConfigurationList;
			buildConfigurations = (
				8DA550D31B34273400B43F65 /* Debug */,
				8DA550D41B34273400B43F65 /* Release */,
			);
			defaultConfigurationIsVisible = 0;
		};
		8DA550D51B34273400B43F65 /* Build configuration list for PBXNativeTarget "OptionFunViewDemoTests" */ = {
			isa = XCConfigurationList;
			buildConfigurations = (
				8DA550D61B34273400B43F65 /* Debug */,
				8DA550D71B34273400B43F65 /* Release */,
			);
			defaultConfigurationIsVisible = 0;
		};
/* End XCConfigurationList section */
	};
	rootObject = 8DA550A71B34273300B43F65 /* Project object */;
}
